// !$*UTF8*$!
{
	archiveVersion = 1;
	classes = {
	};
	objectVersion = 46;
	objects = {

/* Begin PBXBuildFile section */
		DA2E3AC1196C56B000A28DC4 /* AppDelegate.swift in Sources */ = {isa = PBXBuildFile; fileRef = DA2E3AC0196C56B000A28DC4 /* AppDelegate.swift */; };
		DA2E3AC3196C56B000A28DC4 /* GameScene.sks in Resources */ = {isa = PBXBuildFile; fileRef = DA2E3AC2196C56B000A28DC4 /* GameScene.sks */; };
		DA2E3AC5196C56B000A28DC4 /* GameScene.swift in Sources */ = {isa = PBXBuildFile; fileRef = DA2E3AC4196C56B000A28DC4 /* GameScene.swift */; };
		DA2E3AC7196C56B000A28DC4 /* GameViewController.swift in Sources */ = {isa = PBXBuildFile; fileRef = DA2E3AC6196C56B000A28DC4 /* GameViewController.swift */; };
		DA2E3ACA196C56B000A28DC4 /* Main.storyboard in Resources */ = {isa = PBXBuildFile; fileRef = DA2E3AC8196C56B000A28DC4 /* Main.storyboard */; };
		DA2E3ACC196C56B000A28DC4 /* Images.xcassets in Resources */ = {isa = PBXBuildFile; fileRef = DA2E3ACB196C56B000A28DC4 /* Images.xcassets */; };
		DA2E3AD8196C56B100A28DC4 /* Connect4Tests.swift in Sources */ = {isa = PBXBuildFile; fileRef = DA2E3AD7196C56B100A28DC4 /* Connect4Tests.swift */; };
		DA2E3AE7196C56DB00A28DC4 /* youwin.png in Resources */ = {isa = PBXBuildFile; fileRef = DA2E3AE2196C56DB00A28DC4 /* youwin.png */; };
		DA2E3AE8196C56DB00A28DC4 /* redchip.png in Resources */ = {isa = PBXBuildFile; fileRef = DA2E3AE3196C56DB00A28DC4 /* redchip.png */; };
		DA2E3AE9196C56DB00A28DC4 /* bluechip.png in Resources */ = {isa = PBXBuildFile; fileRef = DA2E3AE4196C56DB00A28DC4 /* bluechip.png */; };
		DA2E3AEA196C56DB00A28DC4 /* greenchip.png in Resources */ = {isa = PBXBuildFile; fileRef = DA2E3AE5196C56DB00A28DC4 /* greenchip.png */; };
		DA2E3AEB196C56DB00A28DC4 /* Board.png in Resources */ = {isa = PBXBuildFile; fileRef = DA2E3AE6196C56DB00A28DC4 /* Board.png */; };
		DA2E3AEF196C56E500A28DC4 /* wall1.png in Resources */ = {isa = PBXBuildFile; fileRef = DA2E3AEC196C56E500A28DC4 /* wall1.png */; };
		DA2E3AF0196C56E500A28DC4 /* red.jpg in Resources */ = {isa = PBXBuildFile; fileRef = DA2E3AED196C56E500A28DC4 /* red.jpg */; };
		DA2E3AF1196C56E500A28DC4 /* green.jpg in Resources */ = {isa = PBXBuildFile; fileRef = DA2E3AEE196C56E500A28DC4 /* green.jpg */; };
		DA2E3AF3196C56EF00A28DC4 /* Chip.swift in Sources */ = {isa = PBXBuildFile; fileRef = DA2E3AF2196C56EF00A28DC4 /* Chip.swift */; };
		DA2E3B43196DF86A00A28DC4 /* redwins.png in Resources */ = {isa = PBXBuildFile; fileRef = DA2E3B41196DF86A00A28DC4 /* redwins.png */; };
		DA2E3B44196DF86A00A28DC4 /* greenwins.png in Resources */ = {isa = PBXBuildFile; fileRef = DA2E3B42196DF86A00A28DC4 /* greenwins.png */; };
		DA2E3B46196DFBFA00A28DC4 /* reset.png in Resources */ = {isa = PBXBuildFile; fileRef = DA2E3B45196DFBFA00A28DC4 /* reset.png */; };
		DA2E3B49196E10DC00A28DC4 /* redlight.png in Resources */ = {isa = PBXBuildFile; fileRef = DA2E3B47196E10DC00A28DC4 /* redlight.png */; };
		DA2E3B4A196E10DC00A28DC4 /* greenlight.png in Resources */ = {isa = PBXBuildFile; fileRef = DA2E3B48196E10DC00A28DC4 /* greenlight.png */; };
		DA2E3B4E196E190300A28DC4 /* MenuScene.swift in Sources */ = {isa = PBXBuildFile; fileRef = DA2E3B4D196E190300A28DC4 /* MenuScene.swift */; };
		DA2E3B50196E206900A28DC4 /* start.png in Resources */ = {isa = PBXBuildFile; fileRef = DA2E3B4F196E206900A28DC4 /* start.png */; };
/* End PBXBuildFile section */

/* Begin PBXContainerItemProxy section */
		DA2E3AD2196C56B000A28DC4 /* PBXContainerItemProxy */ = {
			isa = PBXContainerItemProxy;
			containerPortal = DA2E3AB3196C56B000A28DC4 /* Project object */;
			proxyType = 1;
			remoteGlobalIDString = DA2E3ABA196C56B000A28DC4;
			remoteInfo = Connect4;
		};
/* End PBXContainerItemProxy section */

/* Begin PBXFileReference section */
		DA2E3ABB196C56B000A28DC4 /* Connect4.app */ = {isa = PBXFileReference; explicitFileType = wrapper.application; includeInIndex = 0; path = Connect4.app; sourceTree = BUILT_PRODUCTS_DIR; };
		DA2E3ABF196C56B000A28DC4 /* Info.plist */ = {isa = PBXFileReference; lastKnownFileType = text.plist.xml; path = Info.plist; sourceTree = "<group>"; };
		DA2E3AC0196C56B000A28DC4 /* AppDelegate.swift */ = {isa = PBXFileReference; lastKnownFileType = sourcecode.swift; path = AppDelegate.swift; sourceTree = "<group>"; };
		DA2E3AC2196C56B000A28DC4 /* GameScene.sks */ = {isa = PBXFileReference; lastKnownFileType = file.sks; path = GameScene.sks; sourceTree = "<group>"; };
		DA2E3AC4196C56B000A28DC4 /* GameScene.swift */ = {isa = PBXFileReference; lastKnownFileType = sourcecode.swift; path = GameScene.swift; sourceTree = "<group>"; };
		DA2E3AC6196C56B000A28DC4 /* GameViewController.swift */ = {isa = PBXFileReference; lastKnownFileType = sourcecode.swift; path = GameViewController.swift; sourceTree = "<group>"; };
		DA2E3AC9196C56B000A28DC4 /* Base */ = {isa = PBXFileReference; lastKnownFileType = file.storyboard; name = Base; path = Base.lproj/Main.storyboard; sourceTree = "<group>"; };
		DA2E3ACB196C56B000A28DC4 /* Images.xcassets */ = {isa = PBXFileReference; lastKnownFileType = folder.assetcatalog; path = Images.xcassets; sourceTree = "<group>"; };
		DA2E3AD1196C56B000A28DC4 /* Connect4Tests.xctest */ = {isa = PBXFileReference; explicitFileType = wrapper.cfbundle; includeInIndex = 0; path = Connect4Tests.xctest; sourceTree = BUILT_PRODUCTS_DIR; };
		DA2E3AD6196C56B100A28DC4 /* Info.plist */ = {isa = PBXFileReference; lastKnownFileType = text.plist.xml; path = Info.plist; sourceTree = "<group>"; };
		DA2E3AD7196C56B100A28DC4 /* Connect4Tests.swift */ = {isa = PBXFileReference; lastKnownFileType = sourcecode.swift; path = Connect4Tests.swift; sourceTree = "<group>"; };
		DA2E3AE2196C56DB00A28DC4 /* youwin.png */ = {isa = PBXFileReference; lastKnownFileType = image.png; path = youwin.png; sourceTree = "<group>"; };
		DA2E3AE3196C56DB00A28DC4 /* redchip.png */ = {isa = PBXFileReference; lastKnownFileType = image.png; path = redchip.png; sourceTree = "<group>"; };
		DA2E3AE4196C56DB00A28DC4 /* bluechip.png */ = {isa = PBXFileReference; lastKnownFileType = image.png; path = bluechip.png; sourceTree = "<group>"; };
		DA2E3AE5196C56DB00A28DC4 /* greenchip.png */ = {isa = PBXFileReference; lastKnownFileType = image.png; path = greenchip.png; sourceTree = "<group>"; };
		DA2E3AE6196C56DB00A28DC4 /* Board.png */ = {isa = PBXFileReference; lastKnownFileType = image.png; path = Board.png; sourceTree = "<group>"; };
		DA2E3AEC196C56E500A28DC4 /* wall1.png */ = {isa = PBXFileReference; lastKnownFileType = image.png; path = wall1.png; sourceTree = "<group>"; };
		DA2E3AED196C56E500A28DC4 /* red.jpg */ = {isa = PBXFileReference; lastKnownFileType = image.jpeg; path = red.jpg; sourceTree = "<group>"; };
		DA2E3AEE196C56E500A28DC4 /* green.jpg */ = {isa = PBXFileReference; lastKnownFileType = image.jpeg; path = green.jpg; sourceTree = "<group>"; };
		DA2E3AF2196C56EF00A28DC4 /* Chip.swift */ = {isa = PBXFileReference; fileEncoding = 4; lastKnownFileType = sourcecode.swift; path = Chip.swift; sourceTree = "<group>"; };
		DA2E3B41196DF86A00A28DC4 /* redwins.png */ = {isa = PBXFileReference; lastKnownFileType = image.png; path = redwins.png; sourceTree = "<group>"; };
		DA2E3B42196DF86A00A28DC4 /* greenwins.png */ = {isa = PBXFileReference; lastKnownFileType = image.png; path = greenwins.png; sourceTree = "<group>"; };
		DA2E3B45196DFBFA00A28DC4 /* reset.png */ = {isa = PBXFileReference; lastKnownFileType = image.png; path = reset.png; sourceTree = "<group>"; };
		DA2E3B47196E10DC00A28DC4 /* redlight.png */ = {isa = PBXFileReference; lastKnownFileType = image.png; path = redlight.png; sourceTree = "<group>"; };
		DA2E3B48196E10DC00A28DC4 /* greenlight.png */ = {isa = PBXFileReference; lastKnownFileType = image.png; path = greenlight.png; sourceTree = "<group>"; };
		DA2E3B4D196E190300A28DC4 /* MenuScene.swift */ = {isa = PBXFileReference; fileEncoding = 4; lastKnownFileType = sourcecode.swift; path = MenuScene.swift; sourceTree = "<group>"; };
		DA2E3B4F196E206900A28DC4 /* start.png */ = {isa = PBXFileReference; lastKnownFileType = image.png; path = start.png; sourceTree = "<group>"; };
/* End PBXFileReference section */

/* Begin PBXFrameworksBuildPhase section */
		DA2E3AB8196C56B000A28DC4 /* Frameworks */ = {
			isa = PBXFrameworksBuildPhase;
			buildActionMask = 2147483647;
			files = (
			);
			runOnlyForDeploymentPostprocessing = 0;
		};
		DA2E3ACE196C56B000A28DC4 /* Frameworks */ = {
			isa = PBXFrameworksBuildPhase;
			buildActionMask = 2147483647;
			files = (
			);
			runOnlyForDeploymentPostprocessing = 0;
		};
/* End PBXFrameworksBuildPhase section */

/* Begin PBXGroup section */
		DA2E3AB2196C56B000A28DC4 = {
			isa = PBXGroup;
			children = (
				DA2E3ABD196C56B000A28DC4 /* Connect4 */,
				DA2E3AD4196C56B000A28DC4 /* Connect4Tests */,
				DA2E3ABC196C56B000A28DC4 /* Products */,
			);
			sourceTree = "<group>";
		};
		DA2E3ABC196C56B000A28DC4 /* Products */ = {
			isa = PBXGroup;
			children = (
				DA2E3ABB196C56B000A28DC4 /* Connect4.app */,
				DA2E3AD1196C56B000A28DC4 /* Connect4Tests.xctest */,
			);
			name = Products;
			sourceTree = "<group>";
		};
		DA2E3ABD196C56B000A28DC4 /* Connect4 */ = {
			isa = PBXGroup;
			children = (
				DA2E3AC4196C56B000A28DC4 /* GameScene.swift */,
				DA2E3AF2196C56EF00A28DC4 /* Chip.swift */,
				DA2E3B4D196E190300A28DC4 /* MenuScene.swift */,
				DA2E3AE1196C56C700A28DC4 /* images */,
				DA2E3AC0196C56B000A28DC4 /* AppDelegate.swift */,
				DA2E3AC2196C56B000A28DC4 /* GameScene.sks */,
				DA2E3AC6196C56B000A28DC4 /* GameViewController.swift */,
				DA2E3AC8196C56B000A28DC4 /* Main.storyboard */,
				DA2E3ACB196C56B000A28DC4 /* Images.xcassets */,
				DA2E3ABE196C56B000A28DC4 /* Supporting Files */,
			);
			path = Connect4;
			sourceTree = "<group>";
		};
		DA2E3ABE196C56B000A28DC4 /* Supporting Files */ = {
			isa = PBXGroup;
			children = (
				DA2E3ABF196C56B000A28DC4 /* Info.plist */,
			);
			name = "Supporting Files";
			sourceTree = "<group>";
		};
		DA2E3AD4196C56B000A28DC4 /* Connect4Tests */ = {
			isa = PBXGroup;
			children = (
				DA2E3AD7196C56B100A28DC4 /* Connect4Tests.swift */,
				DA2E3AD5196C56B000A28DC4 /* Supporting Files */,
			);
			path = Connect4Tests;
			sourceTree = "<group>";
		};
		DA2E3AD5196C56B000A28DC4 /* Supporting Files */ = {
			isa = PBXGroup;
			children = (
				DA2E3AD6196C56B100A28DC4 /* Info.plist */,
			);
			name = "Supporting Files";
			sourceTree = "<group>";
		};
		DA2E3AE1196C56C700A28DC4 /* images */ = {
			isa = PBXGroup;
			children = (
				DA2E3B47196E10DC00A28DC4 /* redlight.png */,
				DA2E3B4F196E206900A28DC4 /* start.png */,
				DA2E3B48196E10DC00A28DC4 /* greenlight.png */,
				DA2E3B45196DFBFA00A28DC4 /* reset.png */,
				DA2E3B41196DF86A00A28DC4 /* redwins.png */,
				DA2E3B42196DF86A00A28DC4 /* greenwins.png */,
				DA2E3AEC196C56E500A28DC4 /* wall1.png */,
				DA2E3AED196C56E500A28DC4 /* red.jpg */,
				DA2E3AEE196C56E500A28DC4 /* green.jpg */,
				DA2E3AE2196C56DB00A28DC4 /* youwin.png */,
				DA2E3AE3196C56DB00A28DC4 /* redchip.png */,
				DA2E3AE4196C56DB00A28DC4 /* bluechip.png */,
				DA2E3AE5196C56DB00A28DC4 /* greenchip.png */,
				DA2E3AE6196C56DB00A28DC4 /* Board.png */,
			);
			name = images;
			sourceTree = "<group>";
		};
/* End PBXGroup section */

/* Begin PBXNativeTarget section */
		DA2E3ABA196C56B000A28DC4 /* Connect4 */ = {
			isa = PBXNativeTarget;
			buildConfigurationList = DA2E3ADB196C56B100A28DC4 /* Build configuration list for PBXNativeTarget "Connect4" */;
			buildPhases = (
				DA2E3AB7196C56B000A28DC4 /* Sources */,
				DA2E3AB8196C56B000A28DC4 /* Frameworks */,
				DA2E3AB9196C56B000A28DC4 /* Resources */,
			);
			buildRules = (
			);
			dependencies = (
			);
			name = Connect4;
			productName = Connect4;
			productReference = DA2E3ABB196C56B000A28DC4 /* Connect4.app */;
			productType = "com.apple.product-type.application";
		};
		DA2E3AD0196C56B000A28DC4 /* Connect4Tests */ = {
			isa = PBXNativeTarget;
			buildConfigurationList = DA2E3ADE196C56B100A28DC4 /* Build configuration list for PBXNativeTarget "Connect4Tests" */;
			buildPhases = (
				DA2E3ACD196C56B000A28DC4 /* Sources */,
				DA2E3ACE196C56B000A28DC4 /* Frameworks */,
				DA2E3ACF196C56B000A28DC4 /* Resources */,
			);
			buildRules = (
			);
			dependencies = (
				DA2E3AD3196C56B000A28DC4 /* PBXTargetDependency */,
			);
			name = Connect4Tests;
			productName = Connect4Tests;
			productReference = DA2E3AD1196C56B000A28DC4 /* Connect4Tests.xctest */;
			productType = "com.apple.product-type.bundle.unit-test";
		};
/* End PBXNativeTarget section */

/* Begin PBXProject section */
		DA2E3AB3196C56B000A28DC4 /* Project object */ = {
			isa = PBXProject;
			attributes = {
				LastUpgradeCheck = 0600;
				ORGANIZATIONNAME = "Matthew Linder";
				TargetAttributes = {
					DA2E3ABA196C56B000A28DC4 = {
						CreatedOnToolsVersion = 6.0;
						DevelopmentTeam = GHDE8Y7S4H;
					};
					DA2E3AD0196C56B000A28DC4 = {
						CreatedOnToolsVersion = 6.0;
						TestTargetID = DA2E3ABA196C56B000A28DC4;
					};
				};
			};
			buildConfigurationList = DA2E3AB6196C56B000A28DC4 /* Build configuration list for PBXProject "Connect4" */;
			compatibilityVersion = "Xcode 3.2";
			developmentRegion = English;
			hasScannedForEncodings = 0;
			knownRegions = (
				en,
				Base,
			);
			mainGroup = DA2E3AB2196C56B000A28DC4;
			productRefGroup = DA2E3ABC196C56B000A28DC4 /* Products */;
			projectDirPath = "";
			projectRoot = "";
			targets = (
				DA2E3ABA196C56B000A28DC4 /* Connect4 */,
				DA2E3AD0196C56B000A28DC4 /* Connect4Tests */,
			);
		};
/* End PBXProject section */

/* Begin PBXResourcesBuildPhase section */
		DA2E3AB9196C56B000A28DC4 /* Resources */ = {
			isa = PBXResourcesBuildPhase;
			buildActionMask = 2147483647;
			files = (
				DA2E3AE7196C56DB00A28DC4 /* youwin.png in Resources */,
				DA2E3B50196E206900A28DC4 /* start.png in Resources */,
				DA2E3B46196DFBFA00A28DC4 /* reset.png in Resources */,
				DA2E3AF1196C56E500A28DC4 /* green.jpg in Resources */,
				DA2E3AE9196C56DB00A28DC4 /* bluechip.png in Resources */,
				DA2E3AEF196C56E500A28DC4 /* wall1.png in Resources */,
				DA2E3AF0196C56E500A28DC4 /* red.jpg in Resources */,
				DA2E3AE8196C56DB00A28DC4 /* redchip.png in Resources */,
				DA2E3B49196E10DC00A28DC4 /* redlight.png in Resources */,
				DA2E3ACC196C56B000A28DC4 /* Images.xcassets in Resources */,
				DA2E3AEB196C56DB00A28DC4 /* Board.png in Resources */,
				DA2E3B4A196E10DC00A28DC4 /* greenlight.png in Resources */,
				DA2E3AC3196C56B000A28DC4 /* GameScene.sks in Resources */,
				DA2E3AEA196C56DB00A28DC4 /* greenchip.png in Resources */,
				DA2E3B44196DF86A00A28DC4 /* greenwins.png in Resources */,
				DA2E3ACA196C56B000A28DC4 /* Main.storyboard in Resources */,
				DA2E3B43196DF86A00A28DC4 /* redwins.png in Resources */,
			);
			runOnlyForDeploymentPostprocessing = 0;
		};
		DA2E3ACF196C56B000A28DC4 /* Resources */ = {
			isa = PBXResourcesBuildPhase;
			buildActionMask = 2147483647;
			files = (
			);
			runOnlyForDeploymentPostprocessing = 0;
		};
/* End PBXResourcesBuildPhase section */

/* Begin PBXSourcesBuildPhase section */
		DA2E3AB7196C56B000A28DC4 /* Sources */ = {
			isa = PBXSourcesBuildPhase;
			buildActionMask = 2147483647;
			files = (
				DA2E3AC5196C56B000A28DC4 /* GameScene.swift in Sources */,
				DA2E3AF3196C56EF00A28DC4 /* Chip.swift in Sources */,
				DA2E3B4E196E190300A28DC4 /* MenuScene.swift in Sources */,
				DA2E3AC7196C56B000A28DC4 /* GameViewController.swift in Sources */,
				DA2E3AC1196C56B000A28DC4 /* AppDelegate.swift in Sources */,
			);
			runOnlyForDeploymentPostprocessing = 0;
		};
		DA2E3ACD196C56B000A28DC4 /* Sources */ = {
			isa = PBXSourcesBuildPhase;
			buildActionMask = 2147483647;
			files = (
				DA2E3AD8196C56B100A28DC4 /* Connect4Tests.swift in Sources */,
			);
			runOnlyForDeploymentPostprocessing = 0;
		};
/* End PBXSourcesBuildPhase section */

/* Begin PBXTargetDependency section */
		DA2E3AD3196C56B000A28DC4 /* PBXTargetDependency */ = {
			isa = PBXTargetDependency;
			target = DA2E3ABA196C56B000A28DC4 /* Connect4 */;
			targetProxy = DA2E3AD2196C56B000A28DC4 /* PBXContainerItemProxy */;
		};
/* End PBXTargetDependency section */

/* Begin PBXVariantGroup section */
		DA2E3AC8196C56B000A28DC4 /* Main.storyboard */ = {
			isa = PBXVariantGroup;
			children = (
				DA2E3AC9196C56B000A28DC4 /* Base */,
			);
			name = Main.storyboard;
			sourceTree = "<group>";
		};
/* End PBXVariantGroup section */

/* Begin XCBuildConfiguration section */
		DA2E3AD9196C56B100A28DC4 /* Debug */ = {
			isa = XCBuildConfiguration;
			buildSettings = {
				ALWAYS_SEARCH_USER_PATHS = NO;
				CLANG_CXX_LANGUAGE_STANDARD = "gnu++0x";
				CLANG_CXX_LIBRARY = "libc++";
				CLANG_ENABLE_MODULES = YES;
				CLANG_ENABLE_OBJC_ARC = YES;
				CLANG_WARN_BOOL_CONVERSION = YES;
				CLANG_WARN_CONSTANT_CONVERSION = YES;
				CLANG_WARN_DIRECT_OBJC_ISA_USAGE = YES_ERROR;
				CLANG_WARN_EMPTY_BODY = YES;
				CLANG_WARN_ENUM_CONVERSION = YES;
				CLANG_WARN_INT_CONVERSION = YES;
				CLANG_WARN_OBJC_ROOT_CLASS = YES_ERROR;
				CLANG_WARN_UNREACHABLE_CODE = YES;
				CLANG_WARN__DUPLICATE_METHOD_MATCH = YES;
				"CODE_SIGN_IDENTITY[sdk=iphoneos*]" = "iPhone Developer";
				COPY_PHASE_STRIP = NO;
				ENABLE_STRICT_OBJC_MSGSEND = YES;
				GCC_C_LANGUAGE_STANDARD = gnu99;
				GCC_DYNAMIC_NO_PIC = NO;
				GCC_OPTIMIZATION_LEVEL = 0;
				GCC_PREPROCESSOR_DEFINITIONS = (
					"DEBUG=1",
					"$(inherited)",
				);
				GCC_SYMBOLS_PRIVATE_EXTERN = NO;
				GCC_WARN_64_TO_32_BIT_CONVERSION = YES;
				GCC_WARN_ABOUT_RETURN_TYPE = YES_ERROR;
				GCC_WARN_UNDECLARED_SELECTOR = YES;
				GCC_WARN_UNINITIALIZED_AUTOS = YES_AGGRESSIVE;
				GCC_WARN_UNUSED_FUNCTION = YES;
				GCC_WARN_UNUSED_VARIABLE = YES;
				IPHONEOS_DEPLOYMENT_TARGET = 8.0;
				MTL_ENABLE_DEBUG_INFO = YES;
				ONLY_ACTIVE_ARCH = YES;
				SDKROOT = iphoneos;
				SWIFT_OPTIMIZATION_LEVEL = "-Onone";
				TARGETED_DEVICE_FAMILY = 2;
			};
			name = Debug;
		};
		DA2E3ADA196C56B100A28DC4 /* Release */ = {
			isa = XCBuildConfiguration;
			buildSettings = {
				ALWAYS_SEARCH_USER_PATHS = NO;
				CLANG_CXX_LANGUAGE_STANDARD = "gnu++0x";
				CLANG_CXX_LIBRARY = "libc++";
				CLANG_ENABLE_MODULES = YES;
				CLANG_ENABLE_OBJC_ARC = YES;
				CLANG_WARN_BOOL_CONVERSION = YES;
				CLANG_WARN_CONSTANT_CONVERSION = YES;
				CLANG_WARN_DIRECT_OBJC_ISA_USAGE = YES_ERROR;
				CLANG_WARN_EMPTY_BODY = YES;
				CLANG_WARN_ENUM_CONVERSION = YES;
				CLANG_WARN_INT_CONVERSION = YES;
				CLANG_WARN_OBJC_ROOT_CLASS = YES_ERROR;
				CLANG_WARN_UNREACHABLE_CODE = YES;
				CLANG_WARN__DUPLICATE_METHOD_MATCH = YES;
				"CODE_SIGN_IDENTITY[sdk=iphoneos*]" = "iPhone Developer";
				COPY_PHASE_STRIP = YES;
				ENABLE_NS_ASSERTIONS = NO;
				ENABLE_STRICT_OBJC_MSGSEND = YES;
				GCC_C_LANGUAGE_STANDARD = gnu99;
				GCC_WARN_64_TO_32_BIT_CONVERSION = YES;
				GCC_WARN_ABOUT_RETURN_TYPE = YES_ERROR;
				GCC_WARN_UNDECLARED_SELECTOR = YES;
				GCC_WARN_UNINITIALIZED_AUTOS = YES_AGGRESSIVE;
				GCC_WARN_UNUSED_FUNCTION = YES;
				GCC_WARN_UNUSED_VARIABLE = YES;
				IPHONEOS_DEPLOYMENT_TARGET = 8.0;
				MTL_ENABLE_DEBUG_INFO = NO;
				SDKROOT = iphoneos;
				TARGETED_DEVICE_FAMILY = 2;
				VALIDATE_PRODUCT = YES;
			};
			name = Release;
		};
		DA2E3ADC196C56B100A28DC4 /* Debug */ = {
			isa = XCBuildConfiguration;
			buildSettings = {
				ASSETCATALOG_COMPILER_APPICON_NAME = AppIcon;
				ASSETCATALOG_COMPILER_LAUNCHIMAGE_NAME = LaunchImage;
				CODE_SIGN_IDENTITY = "iPhone Developer";
				INFOPLIST_FILE = Connect4/Info.plist;
				LD_RUNPATH_SEARCH_PATHS = "$(inherited) @executable_path/Frameworks";
				PRODUCT_NAME = "$(TARGET_NAME)";
			};
			name = Debug;
		};
		DA2E3ADD196C56B100A28DC4 /* Release */ = {
			isa = XCBuildConfiguration;
			buildSettings = {
				ASSETCATALOG_COMPILER_APPICON_NAME = AppIcon;
				ASSETCATALOG_COMPILER_LAUNCHIMAGE_NAME = LaunchImage;
				CODE_SIGN_IDENTITY = "iPhone Developer";
				INFOPLIST_FILE = Connect4/Info.plist;
				LD_RUNPATH_SEARCH_PATHS = "$(inherited) @executable_path/Frameworks";
				PRODUCT_NAME = "$(TARGET_NAME)";
			};
			name = Release;
		};
		DA2E3ADF196C56B100A28DC4 /* Debug */ = {
			isa = XCBuildConfiguration;
			buildSettings = {
				BUNDLE_LOADER = "$(BUILT_PRODUCTS_DIR)/Connect4.app/Connect4";
				FRAMEWORK_SEARCH_PATHS = (
					"$(SDKROOT)/Developer/Library/Frameworks",
					"$(inherited)",
				);
				GCC_PREPROCESSOR_DEFINITIONS = (
					"DEBUG=1",
					"$(inherited)",
				);
				INFOPLIST_FILE = Connect4Tests/Info.plist;
				LD_RUNPATH_SEARCH_PATHS = "$(inherited) @executable_path/Frameworks @loader_path/Frameworks";
				PRODUCT_NAME = "$(TARGET_NAME)";
				TEST_HOST = "$(BUNDLE_LOADER)";
			};
			name = Debug;
		};
		DA2E3AE0196C56B100A28DC4 /* Release */ = {
			isa = XCBuildConfiguration;
			buildSettings = {
				BUNDLE_LOADER = "$(BUILT_PRODUCTS_DIR)/Connect4.app/Connect4";
				FRAMEWORK_SEARCH_PATHS = (
					"$(SDKROOT)/Developer/Library/Frameworks",
					"$(inherited)",
				);
				INFOPLIST_FILE = Connect4Tests/Info.plist;
				LD_RUNPATH_SEARCH_PATHS = "$(inherited) @executable_path/Frameworks @loader_path/Frameworks";
				PRODUCT_NAME = "$(TARGET_NAME)";
				TEST_HOST = "$(BUNDLE_LOADER)";
			};
			name = Release;
		};
/* End XCBuildConfiguration section */

/* Begin XCConfigurationList section */
		DA2E3AB6196C56B000A28DC4 /* Build configuration list for PBXProject "Connect4" */ = {
			isa = XCConfigurationList;
			buildConfigurations = (
				DA2E3AD9196C56B100A28DC4 /* Debug */,
				DA2E3ADA196C56B100A28DC4 /* Release */,
			);
			defaultConfigurationIsVisible = 0;
			defaultConfigurationName = Release;
		};
		DA2E3ADB196C56B100A28DC4 /* Build configuration list for PBXNativeTarget "Connect4" */ = {
			isa = XCConfigurationList;
			buildConfigurations = (
				DA2E3ADC196C56B100A28DC4 /* Debug */,
				DA2E3ADD196C56B100A28DC4 /* Release */,
			);
			defaultConfigurationIsVisible = 0;
			defaultConfigurationName = Release;
		};
		DA2E3ADE196C56B100A28DC4 /* Build configuration list for PBXNativeTarget "Connect4Tests" */ = {
			isa = XCConfigurationList;
			buildConfigurations = (
				DA2E3ADF196C56B100A28DC4 /* Debug */,
				DA2E3AE0196C56B100A28DC4 /* Release */,
			);
			defaultConfigurationIsVisible = 0;
			defaultConfigurationName = Release;
		};
/* End XCConfigurationList section */
	};
	rootObject = DA2E3AB3196C56B000A28DC4 /* Project object */;
}
